
Microsoft Visual Studio Solution File, Format Version 12.00
# Visual Studio Version 17
VisualStudioVersion = 17.13.35825.156
MinimumVisualStudioVersion = 10.0.40219.1
Project("{FAE04EC0-301F-11D3-BF4B-00C04F79EFBC}") = "NET 01. First project", "NET 01. First project\NET 01. First project.csproj", "{87667F96-7939-40C1-8FB1-5FD0E18601AF}"
EndProject
Project("{2150E333-8FDC-42A3-9474-1A3956D46DE8}") = "NET 01", "NET 01", "{02EA681E-C7D8-13C7-8484-4AC65E1B71E8}"
EndProject
Project("{FAE04EC0-301F-11D3-BF4B-00C04F79EFBC}") = "NET 01. Top Level Statement", "NET 01. Top Level Statement\NET 01. Top Level Statement.csproj", "{BDF667FC-8CDE-4CE8-A439-1B4E1A9DFFE1}"
EndProject
Project("{FAE04EC0-301F-11D3-BF4B-00C04F79EFBC}") = "NET 01. DataTypes", "NET 01. DataTypes\NET 01. DataTypes.csproj", "{B4C50A4D-F145-4487-865F-5D557EFF675B}"
EndProject
Project("{2150E333-8FDC-42A3-9474-1A3956D46DE8}") = "NET 02", "NET 02", "{A4978AD1-E119-4F3C-9738-5671DEA92C5D}"
EndProject
Project("{FAE04EC0-301F-11D3-BF4B-00C04F79EFBC}") = "NET 02. Variables", "NET 02. Variables\NET 02. Variables.csproj", "{AEB34F00-2A40-4486-839E-DFE2890412D1}"
EndProject
Project("{FAE04EC0-301F-11D3-BF4B-00C04F79EFBC}") = "NET 02. input output", "NET 02. input output\NET 02. input output.csproj", "{DB40B2EB-11BD-4CE1-93A7-E9106106B069}"
EndProject
Project("{FAE04EC0-301F-11D3-BF4B-00C04F79EFBC}") = "NET 02. Typecasting", "NET 02. Typecasting\NET 02. Typecasting.csproj", "{4D27E948-3073-4223-91AA-E4F2EAD59490}"
EndProject
Project("{FAE04EC0-301F-11D3-BF4B-00C04F79EFBC}") = "NET 02. Arrays", "NET 02. Arrays\NET 02. Arrays.csproj", "{BBCAB2D0-ADDB-4EAC-8912-0735EECCE8DC}"
EndProject
Project("{FAE04EC0-301F-11D3-BF4B-00C04F79EFBC}") = "NET 02. Arrays ranges, indecies", "NET 02. Arrays ranges, indecies\NET 02. Arrays ranges, indecies.csproj", "{53D7F7D8-84AC-431C-8D26-40C9A00720D6}"
EndProject
Project("{FAE04EC0-301F-11D3-BF4B-00C04F79EFBC}") = "NET 02. switch", "NET 02. switch\NET 02. switch.csproj", "{B1A5D84E-68E6-4B14-99FB-682A4D23C458}"
EndProject
Global
	GlobalSection(SolutionConfigurationPlatforms) = preSolution
		Debug|Any CPU = Debug|Any CPU
		Release|Any CPU = Release|Any CPU
	EndGlobalSection
	GlobalSection(ProjectConfigurationPlatforms) = postSolution
		{87667F96-7939-40C1-8FB1-5FD0E18601AF}.Debug|Any CPU.ActiveCfg = Debug|Any CPU
		{87667F96-7939-40C1-8FB1-5FD0E18601AF}.Debug|Any CPU.Build.0 = Debug|Any CPU
		{87667F96-7939-40C1-8FB1-5FD0E18601AF}.Release|Any CPU.ActiveCfg = Release|Any CPU
		{87667F96-7939-40C1-8FB1-5FD0E18601AF}.Release|Any CPU.Build.0 = Release|Any CPU
		{BDF667FC-8CDE-4CE8-A439-1B4E1A9DFFE1}.Debug|Any CPU.ActiveCfg = Debug|Any CPU
		{BDF667FC-8CDE-4CE8-A439-1B4E1A9DFFE1}.Debug|Any CPU.Build.0 = Debug|Any CPU
		{BDF667FC-8CDE-4CE8-A439-1B4E1A9DFFE1}.Release|Any CPU.ActiveCfg = Release|Any CPU
		{BDF667FC-8CDE-4CE8-A439-1B4E1A9DFFE1}.Release|Any CPU.Build.0 = Release|Any CPU
		{B4C50A4D-F145-4487-865F-5D557EFF675B}.Debug|Any CPU.ActiveCfg = Debug|Any CPU
		{B4C50A4D-F145-4487-865F-5D557EFF675B}.Debug|Any CPU.Build.0 = Debug|Any CPU
		{B4C50A4D-F145-4487-865F-5D557EFF675B}.Release|Any CPU.ActiveCfg = Release|Any CPU
		{B4C50A4D-F145-4487-865F-5D557EFF675B}.Release|Any CPU.Build.0 = Release|Any CPU
		{AEB34F00-2A40-4486-839E-DFE2890412D1}.Debug|Any CPU.ActiveCfg = Debug|Any CPU
		{AEB34F00-2A40-4486-839E-DFE2890412D1}.Debug|Any CPU.Build.0 = Debug|Any CPU
		{AEB34F00-2A40-4486-839E-DFE2890412D1}.Release|Any CPU.ActiveCfg = Release|Any CPU
		{AEB34F00-2A40-4486-839E-DFE2890412D1}.Release|Any CPU.Build.0 = Release|Any CPU
		{DB40B2EB-11BD-4CE1-93A7-E9106106B069}.Debug|Any CPU.ActiveCfg = Debug|Any CPU
		{DB40B2EB-11BD-4CE1-93A7-E9106106B069}.Debug|Any CPU.Build.0 = Debug|Any CPU
		{DB40B2EB-11BD-4CE1-93A7-E9106106B069}.Release|Any CPU.ActiveCfg = Release|Any CPU
		{DB40B2EB-11BD-4CE1-93A7-E9106106B069}.Release|Any CPU.Build.0 = Release|Any CPU
		{4D27E948-3073-4223-91AA-E4F2EAD59490}.Debug|Any CPU.ActiveCfg = Debug|Any CPU
		{4D27E948-3073-4223-91AA-E4F2EAD59490}.Debug|Any CPU.Build.0 = Debug|Any CPU
		{4D27E948-3073-4223-91AA-E4F2EAD59490}.Release|Any CPU.ActiveCfg = Release|Any CPU
		{4D27E948-3073-4223-91AA-E4F2EAD59490}.Release|Any CPU.Build.0 = Release|Any CPU
		{BBCAB2D0-ADDB-4EAC-8912-0735EECCE8DC}.Debug|Any CPU.ActiveCfg = Debug|Any CPU
		{BBCAB2D0-ADDB-4EAC-8912-0735EECCE8DC}.Debug|Any CPU.Build.0 = Debug|Any CPU
		{BBCAB2D0-ADDB-4EAC-8912-0735EECCE8DC}.Release|Any CPU.ActiveCfg = Release|Any CPU
		{BBCAB2D0-ADDB-4EAC-8912-0735EECCE8DC}.Release|Any CPU.Build.0 = Release|Any CPU
		{53D7F7D8-84AC-431C-8D26-40C9A00720D6}.Debug|Any CPU.ActiveCfg = Debug|Any CPU
		{53D7F7D8-84AC-431C-8D26-40C9A00720D6}.Debug|Any CPU.Build.0 = Debug|Any CPU
		{53D7F7D8-84AC-431C-8D26-40C9A00720D6}.Release|Any CPU.ActiveCfg = Release|Any CPU
		{53D7F7D8-84AC-431C-8D26-40C9A00720D6}.Release|Any CPU.Build.0 = Release|Any CPU
		{B1A5D84E-68E6-4B14-99FB-682A4D23C458}.Debug|Any CPU.ActiveCfg = Debug|Any CPU
		{B1A5D84E-68E6-4B14-99FB-682A4D23C458}.Debug|Any CPU.Build.0 = Debug|Any CPU
		{B1A5D84E-68E6-4B14-99FB-682A4D23C458}.Release|Any CPU.ActiveCfg = Release|Any CPU
		{B1A5D84E-68E6-4B14-99FB-682A4D23C458}.Release|Any CPU.Build.0 = Release|Any CPU
	EndGlobalSection
	GlobalSection(SolutionProperties) = preSolution
		HideSolutionNode = FALSE
	EndGlobalSection
	GlobalSection(NestedProjects) = preSolution
		{87667F96-7939-40C1-8FB1-5FD0E18601AF} = {02EA681E-C7D8-13C7-8484-4AC65E1B71E8}
		{BDF667FC-8CDE-4CE8-A439-1B4E1A9DFFE1} = {02EA681E-C7D8-13C7-8484-4AC65E1B71E8}
		{B4C50A4D-F145-4487-865F-5D557EFF675B} = {02EA681E-C7D8-13C7-8484-4AC65E1B71E8}
		{AEB34F00-2A40-4486-839E-DFE2890412D1} = {A4978AD1-E119-4F3C-9738-5671DEA92C5D}
		{DB40B2EB-11BD-4CE1-93A7-E9106106B069} = {A4978AD1-E119-4F3C-9738-5671DEA92C5D}
		{4D27E948-3073-4223-91AA-E4F2EAD59490} = {A4978AD1-E119-4F3C-9738-5671DEA92C5D}
		{BBCAB2D0-ADDB-4EAC-8912-0735EECCE8DC} = {A4978AD1-E119-4F3C-9738-5671DEA92C5D}
		{53D7F7D8-84AC-431C-8D26-40C9A00720D6} = {A4978AD1-E119-4F3C-9738-5671DEA92C5D}
		{B1A5D84E-68E6-4B14-99FB-682A4D23C458} = {A4978AD1-E119-4F3C-9738-5671DEA92C5D}
	EndGlobalSection
	GlobalSection(ExtensibilityGlobals) = postSolution
		SolutionGuid = {916051F0-DB3A-487D-B0F7-4E378024D7BE}
	EndGlobalSection
EndGlobal
