
Microsoft Visual Studio Solution File, Format Version 12.00
# Visual Studio Version 17
VisualStudioVersion = 17.13.35825.156
MinimumVisualStudioVersion = 10.0.40219.1
Project("{9A19103F-16F7-4668-BE54-9A1E7A4F7556}") = "NET 01. First project", "NET 01. First project\NET 01. First project.csproj", "{87667F96-7939-40C1-8FB1-5FD0E18601AF}"
EndProject
Project("{2150E333-8FDC-42A3-9474-1A3956D46DE8}") = "NET 01", "NET 01", "{02EA681E-C7D8-13C7-8484-4AC65E1B71E8}"
EndProject
Project("{9A19103F-16F7-4668-BE54-9A1E7A4F7556}") = "NET 01. Top Level Statement", "NET 01. Top Level Statement\NET 01. Top Level Statement.csproj", "{BDF667FC-8CDE-4CE8-A439-1B4E1A9DFFE1}"
EndProject
Project("{9A19103F-16F7-4668-BE54-9A1E7A4F7556}") = "NET 01. DataTypes", "NET 01. DataTypes\NET 01. DataTypes.csproj", "{B4C50A4D-F145-4487-865F-5D557EFF675B}"
EndProject
Project("{2150E333-8FDC-42A3-9474-1A3956D46DE8}") = "NET 02", "NET 02", "{A4978AD1-E119-4F3C-9738-5671DEA92C5D}"
EndProject
Project("{9A19103F-16F7-4668-BE54-9A1E7A4F7556}") = "NET 02. Variables", "NET 02. Variables\NET 02. Variables.csproj", "{AEB34F00-2A40-4486-839E-DFE2890412D1}"
EndProject
Project("{9A19103F-16F7-4668-BE54-9A1E7A4F7556}") = "NET 02. input output", "NET 02. input output\NET 02. input output.csproj", "{DB40B2EB-11BD-4CE1-93A7-E9106106B069}"
EndProject
Project("{9A19103F-16F7-4668-BE54-9A1E7A4F7556}") = "NET 02. Typecasting", "NET 02. Typecasting\NET 02. Typecasting.csproj", "{4D27E948-3073-4223-91AA-E4F2EAD59490}"
EndProject
Project("{9A19103F-16F7-4668-BE54-9A1E7A4F7556}") = "NET 02. Arrays", "NET 02. Arrays\NET 02. Arrays.csproj", "{BBCAB2D0-ADDB-4EAC-8912-0735EECCE8DC}"
EndProject
Project("{9A19103F-16F7-4668-BE54-9A1E7A4F7556}") = "NET 02. Arrays ranges, indecies", "NET 02. Arrays ranges, indecies\NET 02. Arrays ranges, indecies.csproj", "{53D7F7D8-84AC-431C-8D26-40C9A00720D6}"
EndProject
Project("{9A19103F-16F7-4668-BE54-9A1E7A4F7556}") = "NET 02. switch", "NET 02. switch\NET 02. switch.csproj", "{B1A5D84E-68E6-4B14-99FB-682A4D23C458}"
EndProject
Project("{2150E333-8FDC-42A3-9474-1A3956D46DE8}") = "NET 03", "NET 03", "{D3A1201E-A7E1-4D7F-88FF-AE9995DF7D9C}"
EndProject
Project("{9A19103F-16F7-4668-BE54-9A1E7A4F7556}") = "NET 03. Struct", "NET 03. Struct\NET 03. Struct.csproj", "{F9C47D4C-EDD9-4009-B9CE-F17F268D325E}"
EndProject
Project("{9A19103F-16F7-4668-BE54-9A1E7A4F7556}") = "NET 03. String", "NET 03. String\NET 03. String.csproj", "{4A108770-2A7F-4021-BEA5-592C35311FDF}"
EndProject
Project("{9A19103F-16F7-4668-BE54-9A1E7A4F7556}") = "NET 03. StringBuilder", "NET 03. StringBuilder\NET 03. StringBuilder.csproj", "{8FAF2EDD-033F-4E79-865B-8EE1C5CE1DD7}"
EndProject
Project("{9A19103F-16F7-4668-BE54-9A1E7A4F7556}") = "NET 03. ref, out", "NET 03. ref, out\NET 03. ref, out.csproj", "{BCB31452-1AC8-4A0C-B7BD-875F43F4E8B8}"
EndProject
Project("{2150E333-8FDC-42A3-9474-1A3956D46DE8}") = "NET 04", "NET 04", "{B54AE451-B5C6-4C00-945C-27D987CA8CC0}"
EndProject
Project("{FAE04EC0-301F-11D3-BF4B-00C04F79EFBC}") = "NET 04. Params", "NET 04. Params\NET 04. Params.csproj", "{EA059550-4920-4536-8D4D-E905D2FD5C40}"
EndProject
Project("{FAE04EC0-301F-11D3-BF4B-00C04F79EFBC}") = "NET 04. class, this, access modifiers", "NET 04. class, this, access modifiers\NET 04. class, this, access modifiers.csproj", "{5295469C-F477-462B-9B8D-22A17937F092}"
EndProject
Project("{FAE04EC0-301F-11D3-BF4B-00C04F79EFBC}") = "NET 04. Encapsulation", "NET 04. Encapsulation\NET 04. Encapsulation.csproj", "{30BFB3C3-C111-4357-8787-DE5FDAFA8DD9}"
EndProject
Project("{FAE04EC0-301F-11D3-BF4B-00C04F79EFBC}") = "NET 04. Partial classes", "NET 04. Partial classes\NET 04. Partial classes.csproj", "{F7A4CBAA-3094-4402-9C27-C8609ACE8EE8}"
EndProject
Project("{FAE04EC0-301F-11D3-BF4B-00C04F79EFBC}") = "NET 05. Null conditional, Null coalescing, Nullable", "NET 05. Null conditional, Null coalescing, Nullable\NET 05. Null conditional, Null coalescing, Nullable.csproj", "{7B3B549D-C98F-4DF9-BA00-7703598D2542}"
EndProject
Project("{2150E333-8FDC-42A3-9474-1A3956D46DE8}") = "NET 05", "NET 05", "{6997E116-D396-4E08-9077-475D43DF2D09}"
EndProject
Project("{FAE04EC0-301F-11D3-BF4B-00C04F79EFBC}") = "NET 05. Tuple, deconstruct", "NET 05. Tuple, deconstruct\NET 05. Tuple, deconstruct.csproj", "{B3096A19-9BE4-4F17-ABF8-CB51A6BE4687}"
EndProject
Project("{FAE04EC0-301F-11D3-BF4B-00C04F79EFBC}") = "NET 05. Operator overloading", "NET 05. Operator overloading\NET 05. Operator overloading.csproj", "{0DA88A38-92C5-45F8-A3EC-74695CDCA866}"
EndProject
Project("{2150E333-8FDC-42A3-9474-1A3956D46DE8}") = "NET 06", "NET 06", "{19DC9A35-CBCD-4836-8390-1296653E6300}"
EndProject
Project("{FAE04EC0-301F-11D3-BF4B-00C04F79EFBC}") = "NET 06. Indexer", "NET 06. Indexer\NET 06. Indexer.csproj", "{FEC676AE-2B62-4087-A8A7-C73E1D59D7D9}"
EndProject
Project("{FAE04EC0-301F-11D3-BF4B-00C04F79EFBC}") = "NET 06. Inheritance", "NET 06. Inheritance\NET 06. Inheritance.csproj", "{05DF71C2-E1A2-41AC-92EC-AEE56919CB5F}"
EndProject
Project("{2150E333-8FDC-42A3-9474-1A3956D46DE8}") = "NET 07", "NET 07", "{974C486B-5431-491C-9A6F-086A61780703}"
EndProject
Project("{FAE04EC0-301F-11D3-BF4B-00C04F79EFBC}") = "NET 07. Polymorphism", "NET 07. Polymorphism\NET 07. Polymorphism.csproj", "{059BD998-0976-4968-AE8F-7FD52F5FC595}"
EndProject
Project("{FAE04EC0-301F-11D3-BF4B-00C04F79EFBC}") = "NET 07. Abstract class", "NET 07. Abstract class\NET 07. Abstract class.csproj", "{BBDDA0B8-2798-551E-2578-AEB394B9F41B}"
EndProject
Project("{FAE04EC0-301F-11D3-BF4B-00C04F79EFBC}") = "NET 07. Interfaces", "NET 07. Interfaces\NET 07. Interfaces.csproj", "{E93D3251-E2F0-4FD9-9E06-7B017E18E388}"
EndProject
Project("{2150E333-8FDC-42A3-9474-1A3956D46DE8}") = "NET 08", "NET 08", "{B3475BE1-9F17-40FD-AC75-3E3A6D8AD9A2}"
EndProject
Project("{FAE04EC0-301F-11D3-BF4B-00C04F79EFBC}") = "NET 08. Standard interfaces", "NET 08. Standard interfaces\NET 08. Standard interfaces.csproj", "{560F14CD-9BB5-4A72-B296-790E85B01616}"
EndProject
Project("{FAE04EC0-301F-11D3-BF4B-00C04F79EFBC}") = "NET 09. Delegates", "NET 09. Delegates\NET 09. Delegates.csproj", "{44A791F7-CFB3-4908-B7F2-C86879AA4C5D}"
EndProject
Project("{2150E333-8FDC-42A3-9474-1A3956D46DE8}") = "NET 09", "NET 09", "{E07EFB66-5E9C-4B63-B1F5-46AFFC33E4B4}"
EndProject
Project("{2150E333-8FDC-42A3-9474-1A3956D46DE8}") = "NET 10", "NET 10", "{0086A10D-A6DE-492C-974B-88DA0D22CC34}"
EndProject
Project("{FAE04EC0-301F-11D3-BF4B-00C04F79EFBC}") = "NET 10. Events", "NET 10. Events\NET 10. Events.csproj", "{69AC57FF-5543-4A4E-AE41-22DA670A4B90}"
EndProject
Project("{FAE04EC0-301F-11D3-BF4B-00C04F79EFBC}") = "NET 10. Events Add Remove", "NET 10. Events Add Remove\NET 10. Events Add Remove.csproj", "{1AD1E212-A3FE-4910-98B9-EC46DA56B60B}"
EndProject
Project("{FAE04EC0-301F-11D3-BF4B-00C04F79EFBC}") = "NET 10. EventArgs", "NET 10. EventArgs\NET 10. EventArgs.csproj", "{D8A38058-D45C-4941-80CC-7254D113AC95}"
EndProject
Project("{FAE04EC0-301F-11D3-BF4B-00C04F79EFBC}") = "NET 10. EventArgs Winform", "NET 10. EventArgs Winform\NET 10. EventArgs Winform.csproj", "{F36B379B-F12A-4359-AE0B-1DBEFDF952DB}"
EndProject
Project("{FAE04EC0-301F-11D3-BF4B-00C04F79EFBC}") = "NET 10. boxing unboxing", "NET 10. boxing unboxing\NET 10. boxing unboxing.csproj", "{9F7DA83B-DCCD-4F68-850A-C1A2713A3522}"
EndProject
Project("{FAE04EC0-301F-11D3-BF4B-00C04F79EFBC}") = "NET 10. Collections", "NET 10. Collections\NET 10. Collections.csproj", "{360ED117-F8C2-4CF7-AD4A-672D2C860723}"
EndProject
Project("{FAE04EC0-301F-11D3-BF4B-00C04F79EFBC}") = "NET 09. Generic colections", "NET 09. Generic colections\NET 09. Generic colections.csproj", "{01CF5155-EE05-4ADA-A2AC-F760E06F4CEE}"
EndProject
Project("{2150E333-8FDC-42A3-9474-1A3956D46DE8}") = "NEt 11", "NEt 11", "{8DF42571-49A9-449E-8040-FF606D7516BF}"
EndProject
Project("{FAE04EC0-301F-11D3-BF4B-00C04F79EFBC}") = "NET 11. Generic VS NonGeneric", "NET 11. Generic VS NonGeneric\NET 11. Generic VS NonGeneric.csproj", "{0039F1E1-86CE-49D0-A6BD-3952E524D20C}"
EndProject
Project("{FAE04EC0-301F-11D3-BF4B-00C04F79EFBC}") = "NET 11. Generic", "NET 11. Generic\NET 11. Generic.csproj", "{02CE6C18-C978-4A35-86A9-03DE7A6BDAED}"
EndProject
Project("{FAE04EC0-301F-11D3-BF4B-00C04F79EFBC}") = "NET 11. LINQ", "NET 11. LINQ\NET 11. LINQ.csproj", "{CAE54CF8-3CF3-425C-9A17-6E70516EC560}"
EndProject
Project("{FAE04EC0-301F-11D3-BF4B-00C04F79EFBC}") = "NET 11. LINQ join", "NET 11. LINQ join\NET 11. LINQ join.csproj", "{639B6B6B-BAED-44E9-8564-25841FBED0FA}"
EndProject
Project("{2150E333-8FDC-42A3-9474-1A3956D46DE8}") = "NET 12", "NET 12", "{2A9CE120-EE69-48AD-82B9-F6A3448FA57B}"
EndProject
Project("{FAE04EC0-301F-11D3-BF4B-00C04F79EFBC}") = "NET 12. Annonymous methods Lambda expression", "NET 12. Annonymous methods Lambda expression\NET 12. Annonymous methods Lambda expression.csproj", "{8A6ACA39-3610-41B3-B6F8-6FD7AC6488A7}"
EndProject
Project("{FAE04EC0-301F-11D3-BF4B-00C04F79EFBC}") = "NET 12. Extension methods", "NET 12. Extension methods\NET 12. Extension methods.csproj", "{963E614D-E6A9-4807-BC83-E1759506AD91}"
EndProject
Project("{FAE04EC0-301F-11D3-BF4B-00C04F79EFBC}") = "NET 12. LINQ Methods", "NET 12. LINQ Methods\NET 12. LINQ Methods.csproj", "{99CF1D07-1139-4242-BA75-D472B5D82B18}"
EndProject
Global
	GlobalSection(SolutionConfigurationPlatforms) = preSolution
		Debug|Any CPU = Debug|Any CPU
		Release|Any CPU = Release|Any CPU
	EndGlobalSection
	GlobalSection(ProjectConfigurationPlatforms) = postSolution
		{87667F96-7939-40C1-8FB1-5FD0E18601AF}.Debug|Any CPU.ActiveCfg = Debug|Any CPU
		{87667F96-7939-40C1-8FB1-5FD0E18601AF}.Debug|Any CPU.Build.0 = Debug|Any CPU
		{87667F96-7939-40C1-8FB1-5FD0E18601AF}.Release|Any CPU.ActiveCfg = Release|Any CPU
		{87667F96-7939-40C1-8FB1-5FD0E18601AF}.Release|Any CPU.Build.0 = Release|Any CPU
		{BDF667FC-8CDE-4CE8-A439-1B4E1A9DFFE1}.Debug|Any CPU.ActiveCfg = Debug|Any CPU
		{BDF667FC-8CDE-4CE8-A439-1B4E1A9DFFE1}.Debug|Any CPU.Build.0 = Debug|Any CPU
		{BDF667FC-8CDE-4CE8-A439-1B4E1A9DFFE1}.Release|Any CPU.ActiveCfg = Release|Any CPU
		{BDF667FC-8CDE-4CE8-A439-1B4E1A9DFFE1}.Release|Any CPU.Build.0 = Release|Any CPU
		{B4C50A4D-F145-4487-865F-5D557EFF675B}.Debug|Any CPU.ActiveCfg = Debug|Any CPU
		{B4C50A4D-F145-4487-865F-5D557EFF675B}.Debug|Any CPU.Build.0 = Debug|Any CPU
		{B4C50A4D-F145-4487-865F-5D557EFF675B}.Release|Any CPU.ActiveCfg = Release|Any CPU
		{B4C50A4D-F145-4487-865F-5D557EFF675B}.Release|Any CPU.Build.0 = Release|Any CPU
		{AEB34F00-2A40-4486-839E-DFE2890412D1}.Debug|Any CPU.ActiveCfg = Debug|Any CPU
		{AEB34F00-2A40-4486-839E-DFE2890412D1}.Debug|Any CPU.Build.0 = Debug|Any CPU
		{AEB34F00-2A40-4486-839E-DFE2890412D1}.Release|Any CPU.ActiveCfg = Release|Any CPU
		{AEB34F00-2A40-4486-839E-DFE2890412D1}.Release|Any CPU.Build.0 = Release|Any CPU
		{DB40B2EB-11BD-4CE1-93A7-E9106106B069}.Debug|Any CPU.ActiveCfg = Debug|Any CPU
		{DB40B2EB-11BD-4CE1-93A7-E9106106B069}.Debug|Any CPU.Build.0 = Debug|Any CPU
		{DB40B2EB-11BD-4CE1-93A7-E9106106B069}.Release|Any CPU.ActiveCfg = Release|Any CPU
		{DB40B2EB-11BD-4CE1-93A7-E9106106B069}.Release|Any CPU.Build.0 = Release|Any CPU
		{4D27E948-3073-4223-91AA-E4F2EAD59490}.Debug|Any CPU.ActiveCfg = Debug|Any CPU
		{4D27E948-3073-4223-91AA-E4F2EAD59490}.Debug|Any CPU.Build.0 = Debug|Any CPU
		{4D27E948-3073-4223-91AA-E4F2EAD59490}.Release|Any CPU.ActiveCfg = Release|Any CPU
		{4D27E948-3073-4223-91AA-E4F2EAD59490}.Release|Any CPU.Build.0 = Release|Any CPU
		{BBCAB2D0-ADDB-4EAC-8912-0735EECCE8DC}.Debug|Any CPU.ActiveCfg = Debug|Any CPU
		{BBCAB2D0-ADDB-4EAC-8912-0735EECCE8DC}.Debug|Any CPU.Build.0 = Debug|Any CPU
		{BBCAB2D0-ADDB-4EAC-8912-0735EECCE8DC}.Release|Any CPU.ActiveCfg = Release|Any CPU
		{BBCAB2D0-ADDB-4EAC-8912-0735EECCE8DC}.Release|Any CPU.Build.0 = Release|Any CPU
		{53D7F7D8-84AC-431C-8D26-40C9A00720D6}.Debug|Any CPU.ActiveCfg = Debug|Any CPU
		{53D7F7D8-84AC-431C-8D26-40C9A00720D6}.Debug|Any CPU.Build.0 = Debug|Any CPU
		{53D7F7D8-84AC-431C-8D26-40C9A00720D6}.Release|Any CPU.ActiveCfg = Release|Any CPU
		{53D7F7D8-84AC-431C-8D26-40C9A00720D6}.Release|Any CPU.Build.0 = Release|Any CPU
		{B1A5D84E-68E6-4B14-99FB-682A4D23C458}.Debug|Any CPU.ActiveCfg = Debug|Any CPU
		{B1A5D84E-68E6-4B14-99FB-682A4D23C458}.Debug|Any CPU.Build.0 = Debug|Any CPU
		{B1A5D84E-68E6-4B14-99FB-682A4D23C458}.Release|Any CPU.ActiveCfg = Release|Any CPU
		{B1A5D84E-68E6-4B14-99FB-682A4D23C458}.Release|Any CPU.Build.0 = Release|Any CPU
		{F9C47D4C-EDD9-4009-B9CE-F17F268D325E}.Debug|Any CPU.ActiveCfg = Debug|Any CPU
		{F9C47D4C-EDD9-4009-B9CE-F17F268D325E}.Debug|Any CPU.Build.0 = Debug|Any CPU
		{F9C47D4C-EDD9-4009-B9CE-F17F268D325E}.Release|Any CPU.ActiveCfg = Release|Any CPU
		{F9C47D4C-EDD9-4009-B9CE-F17F268D325E}.Release|Any CPU.Build.0 = Release|Any CPU
		{4A108770-2A7F-4021-BEA5-592C35311FDF}.Debug|Any CPU.ActiveCfg = Debug|Any CPU
		{4A108770-2A7F-4021-BEA5-592C35311FDF}.Debug|Any CPU.Build.0 = Debug|Any CPU
		{4A108770-2A7F-4021-BEA5-592C35311FDF}.Release|Any CPU.ActiveCfg = Release|Any CPU
		{4A108770-2A7F-4021-BEA5-592C35311FDF}.Release|Any CPU.Build.0 = Release|Any CPU
		{8FAF2EDD-033F-4E79-865B-8EE1C5CE1DD7}.Debug|Any CPU.ActiveCfg = Debug|Any CPU
		{8FAF2EDD-033F-4E79-865B-8EE1C5CE1DD7}.Debug|Any CPU.Build.0 = Debug|Any CPU
		{8FAF2EDD-033F-4E79-865B-8EE1C5CE1DD7}.Release|Any CPU.ActiveCfg = Release|Any CPU
		{8FAF2EDD-033F-4E79-865B-8EE1C5CE1DD7}.Release|Any CPU.Build.0 = Release|Any CPU
		{BCB31452-1AC8-4A0C-B7BD-875F43F4E8B8}.Debug|Any CPU.ActiveCfg = Debug|Any CPU
		{BCB31452-1AC8-4A0C-B7BD-875F43F4E8B8}.Debug|Any CPU.Build.0 = Debug|Any CPU
		{BCB31452-1AC8-4A0C-B7BD-875F43F4E8B8}.Release|Any CPU.ActiveCfg = Release|Any CPU
		{BCB31452-1AC8-4A0C-B7BD-875F43F4E8B8}.Release|Any CPU.Build.0 = Release|Any CPU
		{EA059550-4920-4536-8D4D-E905D2FD5C40}.Debug|Any CPU.ActiveCfg = Debug|Any CPU
		{EA059550-4920-4536-8D4D-E905D2FD5C40}.Debug|Any CPU.Build.0 = Debug|Any CPU
		{EA059550-4920-4536-8D4D-E905D2FD5C40}.Release|Any CPU.ActiveCfg = Release|Any CPU
		{EA059550-4920-4536-8D4D-E905D2FD5C40}.Release|Any CPU.Build.0 = Release|Any CPU
		{5295469C-F477-462B-9B8D-22A17937F092}.Debug|Any CPU.ActiveCfg = Debug|Any CPU
		{5295469C-F477-462B-9B8D-22A17937F092}.Debug|Any CPU.Build.0 = Debug|Any CPU
		{5295469C-F477-462B-9B8D-22A17937F092}.Release|Any CPU.ActiveCfg = Release|Any CPU
		{5295469C-F477-462B-9B8D-22A17937F092}.Release|Any CPU.Build.0 = Release|Any CPU
		{30BFB3C3-C111-4357-8787-DE5FDAFA8DD9}.Debug|Any CPU.ActiveCfg = Debug|Any CPU
		{30BFB3C3-C111-4357-8787-DE5FDAFA8DD9}.Debug|Any CPU.Build.0 = Debug|Any CPU
		{30BFB3C3-C111-4357-8787-DE5FDAFA8DD9}.Release|Any CPU.ActiveCfg = Release|Any CPU
		{30BFB3C3-C111-4357-8787-DE5FDAFA8DD9}.Release|Any CPU.Build.0 = Release|Any CPU
		{F7A4CBAA-3094-4402-9C27-C8609ACE8EE8}.Debug|Any CPU.ActiveCfg = Debug|Any CPU
		{F7A4CBAA-3094-4402-9C27-C8609ACE8EE8}.Debug|Any CPU.Build.0 = Debug|Any CPU
		{F7A4CBAA-3094-4402-9C27-C8609ACE8EE8}.Release|Any CPU.ActiveCfg = Release|Any CPU
		{F7A4CBAA-3094-4402-9C27-C8609ACE8EE8}.Release|Any CPU.Build.0 = Release|Any CPU
		{7B3B549D-C98F-4DF9-BA00-7703598D2542}.Debug|Any CPU.ActiveCfg = Debug|Any CPU
		{7B3B549D-C98F-4DF9-BA00-7703598D2542}.Debug|Any CPU.Build.0 = Debug|Any CPU
		{7B3B549D-C98F-4DF9-BA00-7703598D2542}.Release|Any CPU.ActiveCfg = Release|Any CPU
		{7B3B549D-C98F-4DF9-BA00-7703598D2542}.Release|Any CPU.Build.0 = Release|Any CPU
		{B3096A19-9BE4-4F17-ABF8-CB51A6BE4687}.Debug|Any CPU.ActiveCfg = Debug|Any CPU
		{B3096A19-9BE4-4F17-ABF8-CB51A6BE4687}.Debug|Any CPU.Build.0 = Debug|Any CPU
		{B3096A19-9BE4-4F17-ABF8-CB51A6BE4687}.Release|Any CPU.ActiveCfg = Release|Any CPU
		{B3096A19-9BE4-4F17-ABF8-CB51A6BE4687}.Release|Any CPU.Build.0 = Release|Any CPU
		{0DA88A38-92C5-45F8-A3EC-74695CDCA866}.Debug|Any CPU.ActiveCfg = Debug|Any CPU
		{0DA88A38-92C5-45F8-A3EC-74695CDCA866}.Debug|Any CPU.Build.0 = Debug|Any CPU
		{0DA88A38-92C5-45F8-A3EC-74695CDCA866}.Release|Any CPU.ActiveCfg = Release|Any CPU
		{0DA88A38-92C5-45F8-A3EC-74695CDCA866}.Release|Any CPU.Build.0 = Release|Any CPU
		{FEC676AE-2B62-4087-A8A7-C73E1D59D7D9}.Debug|Any CPU.ActiveCfg = Debug|Any CPU
		{FEC676AE-2B62-4087-A8A7-C73E1D59D7D9}.Debug|Any CPU.Build.0 = Debug|Any CPU
		{FEC676AE-2B62-4087-A8A7-C73E1D59D7D9}.Release|Any CPU.ActiveCfg = Release|Any CPU
		{FEC676AE-2B62-4087-A8A7-C73E1D59D7D9}.Release|Any CPU.Build.0 = Release|Any CPU
		{05DF71C2-E1A2-41AC-92EC-AEE56919CB5F}.Debug|Any CPU.ActiveCfg = Debug|Any CPU
		{05DF71C2-E1A2-41AC-92EC-AEE56919CB5F}.Debug|Any CPU.Build.0 = Debug|Any CPU
		{05DF71C2-E1A2-41AC-92EC-AEE56919CB5F}.Release|Any CPU.ActiveCfg = Release|Any CPU
		{05DF71C2-E1A2-41AC-92EC-AEE56919CB5F}.Release|Any CPU.Build.0 = Release|Any CPU
		{059BD998-0976-4968-AE8F-7FD52F5FC595}.Debug|Any CPU.ActiveCfg = Debug|Any CPU
		{059BD998-0976-4968-AE8F-7FD52F5FC595}.Debug|Any CPU.Build.0 = Debug|Any CPU
		{059BD998-0976-4968-AE8F-7FD52F5FC595}.Release|Any CPU.ActiveCfg = Release|Any CPU
		{059BD998-0976-4968-AE8F-7FD52F5FC595}.Release|Any CPU.Build.0 = Release|Any CPU
		{BBDDA0B8-2798-551E-2578-AEB394B9F41B}.Debug|Any CPU.ActiveCfg = Debug|Any CPU
		{BBDDA0B8-2798-551E-2578-AEB394B9F41B}.Debug|Any CPU.Build.0 = Debug|Any CPU
		{BBDDA0B8-2798-551E-2578-AEB394B9F41B}.Release|Any CPU.ActiveCfg = Release|Any CPU
		{BBDDA0B8-2798-551E-2578-AEB394B9F41B}.Release|Any CPU.Build.0 = Release|Any CPU
		{E93D3251-E2F0-4FD9-9E06-7B017E18E388}.Debug|Any CPU.ActiveCfg = Debug|Any CPU
		{E93D3251-E2F0-4FD9-9E06-7B017E18E388}.Debug|Any CPU.Build.0 = Debug|Any CPU
		{E93D3251-E2F0-4FD9-9E06-7B017E18E388}.Release|Any CPU.ActiveCfg = Release|Any CPU
		{E93D3251-E2F0-4FD9-9E06-7B017E18E388}.Release|Any CPU.Build.0 = Release|Any CPU
		{560F14CD-9BB5-4A72-B296-790E85B01616}.Debug|Any CPU.ActiveCfg = Debug|Any CPU
		{560F14CD-9BB5-4A72-B296-790E85B01616}.Debug|Any CPU.Build.0 = Debug|Any CPU
		{560F14CD-9BB5-4A72-B296-790E85B01616}.Release|Any CPU.ActiveCfg = Release|Any CPU
		{560F14CD-9BB5-4A72-B296-790E85B01616}.Release|Any CPU.Build.0 = Release|Any CPU
		{44A791F7-CFB3-4908-B7F2-C86879AA4C5D}.Debug|Any CPU.ActiveCfg = Debug|Any CPU
		{44A791F7-CFB3-4908-B7F2-C86879AA4C5D}.Debug|Any CPU.Build.0 = Debug|Any CPU
		{44A791F7-CFB3-4908-B7F2-C86879AA4C5D}.Release|Any CPU.ActiveCfg = Release|Any CPU
		{44A791F7-CFB3-4908-B7F2-C86879AA4C5D}.Release|Any CPU.Build.0 = Release|Any CPU
		{69AC57FF-5543-4A4E-AE41-22DA670A4B90}.Debug|Any CPU.ActiveCfg = Debug|Any CPU
		{69AC57FF-5543-4A4E-AE41-22DA670A4B90}.Debug|Any CPU.Build.0 = Debug|Any CPU
		{69AC57FF-5543-4A4E-AE41-22DA670A4B90}.Release|Any CPU.ActiveCfg = Release|Any CPU
		{69AC57FF-5543-4A4E-AE41-22DA670A4B90}.Release|Any CPU.Build.0 = Release|Any CPU
		{1AD1E212-A3FE-4910-98B9-EC46DA56B60B}.Debug|Any CPU.ActiveCfg = Debug|Any CPU
		{1AD1E212-A3FE-4910-98B9-EC46DA56B60B}.Debug|Any CPU.Build.0 = Debug|Any CPU
		{1AD1E212-A3FE-4910-98B9-EC46DA56B60B}.Release|Any CPU.ActiveCfg = Release|Any CPU
		{1AD1E212-A3FE-4910-98B9-EC46DA56B60B}.Release|Any CPU.Build.0 = Release|Any CPU
		{D8A38058-D45C-4941-80CC-7254D113AC95}.Debug|Any CPU.ActiveCfg = Debug|Any CPU
		{D8A38058-D45C-4941-80CC-7254D113AC95}.Debug|Any CPU.Build.0 = Debug|Any CPU
		{D8A38058-D45C-4941-80CC-7254D113AC95}.Release|Any CPU.ActiveCfg = Release|Any CPU
		{D8A38058-D45C-4941-80CC-7254D113AC95}.Release|Any CPU.Build.0 = Release|Any CPU
		{F36B379B-F12A-4359-AE0B-1DBEFDF952DB}.Debug|Any CPU.ActiveCfg = Debug|Any CPU
		{F36B379B-F12A-4359-AE0B-1DBEFDF952DB}.Debug|Any CPU.Build.0 = Debug|Any CPU
		{F36B379B-F12A-4359-AE0B-1DBEFDF952DB}.Release|Any CPU.ActiveCfg = Release|Any CPU
		{F36B379B-F12A-4359-AE0B-1DBEFDF952DB}.Release|Any CPU.Build.0 = Release|Any CPU
		{9F7DA83B-DCCD-4F68-850A-C1A2713A3522}.Debug|Any CPU.ActiveCfg = Debug|Any CPU
		{9F7DA83B-DCCD-4F68-850A-C1A2713A3522}.Debug|Any CPU.Build.0 = Debug|Any CPU
		{9F7DA83B-DCCD-4F68-850A-C1A2713A3522}.Release|Any CPU.ActiveCfg = Release|Any CPU
		{9F7DA83B-DCCD-4F68-850A-C1A2713A3522}.Release|Any CPU.Build.0 = Release|Any CPU
		{360ED117-F8C2-4CF7-AD4A-672D2C860723}.Debug|Any CPU.ActiveCfg = Debug|Any CPU
		{360ED117-F8C2-4CF7-AD4A-672D2C860723}.Debug|Any CPU.Build.0 = Debug|Any CPU
		{360ED117-F8C2-4CF7-AD4A-672D2C860723}.Release|Any CPU.ActiveCfg = Release|Any CPU
		{360ED117-F8C2-4CF7-AD4A-672D2C860723}.Release|Any CPU.Build.0 = Release|Any CPU
		{01CF5155-EE05-4ADA-A2AC-F760E06F4CEE}.Debug|Any CPU.ActiveCfg = Debug|Any CPU
		{01CF5155-EE05-4ADA-A2AC-F760E06F4CEE}.Debug|Any CPU.Build.0 = Debug|Any CPU
		{01CF5155-EE05-4ADA-A2AC-F760E06F4CEE}.Release|Any CPU.ActiveCfg = Release|Any CPU
		{01CF5155-EE05-4ADA-A2AC-F760E06F4CEE}.Release|Any CPU.Build.0 = Release|Any CPU
		{0039F1E1-86CE-49D0-A6BD-3952E524D20C}.Debug|Any CPU.ActiveCfg = Debug|Any CPU
		{0039F1E1-86CE-49D0-A6BD-3952E524D20C}.Debug|Any CPU.Build.0 = Debug|Any CPU
		{0039F1E1-86CE-49D0-A6BD-3952E524D20C}.Release|Any CPU.ActiveCfg = Release|Any CPU
		{0039F1E1-86CE-49D0-A6BD-3952E524D20C}.Release|Any CPU.Build.0 = Release|Any CPU
		{02CE6C18-C978-4A35-86A9-03DE7A6BDAED}.Debug|Any CPU.ActiveCfg = Debug|Any CPU
		{02CE6C18-C978-4A35-86A9-03DE7A6BDAED}.Debug|Any CPU.Build.0 = Debug|Any CPU
		{02CE6C18-C978-4A35-86A9-03DE7A6BDAED}.Release|Any CPU.ActiveCfg = Release|Any CPU
		{02CE6C18-C978-4A35-86A9-03DE7A6BDAED}.Release|Any CPU.Build.0 = Release|Any CPU
		{CAE54CF8-3CF3-425C-9A17-6E70516EC560}.Debug|Any CPU.ActiveCfg = Debug|Any CPU
		{CAE54CF8-3CF3-425C-9A17-6E70516EC560}.Debug|Any CPU.Build.0 = Debug|Any CPU
		{CAE54CF8-3CF3-425C-9A17-6E70516EC560}.Release|Any CPU.ActiveCfg = Release|Any CPU
		{CAE54CF8-3CF3-425C-9A17-6E70516EC560}.Release|Any CPU.Build.0 = Release|Any CPU
		{639B6B6B-BAED-44E9-8564-25841FBED0FA}.Debug|Any CPU.ActiveCfg = Debug|Any CPU
		{639B6B6B-BAED-44E9-8564-25841FBED0FA}.Debug|Any CPU.Build.0 = Debug|Any CPU
		{639B6B6B-BAED-44E9-8564-25841FBED0FA}.Release|Any CPU.ActiveCfg = Release|Any CPU
		{639B6B6B-BAED-44E9-8564-25841FBED0FA}.Release|Any CPU.Build.0 = Release|Any CPU
		{8A6ACA39-3610-41B3-B6F8-6FD7AC6488A7}.Debug|Any CPU.ActiveCfg = Debug|Any CPU
		{8A6ACA39-3610-41B3-B6F8-6FD7AC6488A7}.Debug|Any CPU.Build.0 = Debug|Any CPU
		{8A6ACA39-3610-41B3-B6F8-6FD7AC6488A7}.Release|Any CPU.ActiveCfg = Release|Any CPU
		{8A6ACA39-3610-41B3-B6F8-6FD7AC6488A7}.Release|Any CPU.Build.0 = Release|Any CPU
		{963E614D-E6A9-4807-BC83-E1759506AD91}.Debug|Any CPU.ActiveCfg = Debug|Any CPU
		{963E614D-E6A9-4807-BC83-E1759506AD91}.Debug|Any CPU.Build.0 = Debug|Any CPU
		{963E614D-E6A9-4807-BC83-E1759506AD91}.Release|Any CPU.ActiveCfg = Release|Any CPU
		{963E614D-E6A9-4807-BC83-E1759506AD91}.Release|Any CPU.Build.0 = Release|Any CPU
		{99CF1D07-1139-4242-BA75-D472B5D82B18}.Debug|Any CPU.ActiveCfg = Debug|Any CPU
		{99CF1D07-1139-4242-BA75-D472B5D82B18}.Debug|Any CPU.Build.0 = Debug|Any CPU
		{99CF1D07-1139-4242-BA75-D472B5D82B18}.Release|Any CPU.ActiveCfg = Release|Any CPU
		{99CF1D07-1139-4242-BA75-D472B5D82B18}.Release|Any CPU.Build.0 = Release|Any CPU
	EndGlobalSection
	GlobalSection(SolutionProperties) = preSolution
		HideSolutionNode = FALSE
	EndGlobalSection
	GlobalSection(NestedProjects) = preSolution
		{87667F96-7939-40C1-8FB1-5FD0E18601AF} = {02EA681E-C7D8-13C7-8484-4AC65E1B71E8}
		{BDF667FC-8CDE-4CE8-A439-1B4E1A9DFFE1} = {02EA681E-C7D8-13C7-8484-4AC65E1B71E8}
		{B4C50A4D-F145-4487-865F-5D557EFF675B} = {02EA681E-C7D8-13C7-8484-4AC65E1B71E8}
		{AEB34F00-2A40-4486-839E-DFE2890412D1} = {A4978AD1-E119-4F3C-9738-5671DEA92C5D}
		{DB40B2EB-11BD-4CE1-93A7-E9106106B069} = {A4978AD1-E119-4F3C-9738-5671DEA92C5D}
		{4D27E948-3073-4223-91AA-E4F2EAD59490} = {A4978AD1-E119-4F3C-9738-5671DEA92C5D}
		{BBCAB2D0-ADDB-4EAC-8912-0735EECCE8DC} = {A4978AD1-E119-4F3C-9738-5671DEA92C5D}
		{53D7F7D8-84AC-431C-8D26-40C9A00720D6} = {A4978AD1-E119-4F3C-9738-5671DEA92C5D}
		{B1A5D84E-68E6-4B14-99FB-682A4D23C458} = {A4978AD1-E119-4F3C-9738-5671DEA92C5D}
		{F9C47D4C-EDD9-4009-B9CE-F17F268D325E} = {D3A1201E-A7E1-4D7F-88FF-AE9995DF7D9C}
		{4A108770-2A7F-4021-BEA5-592C35311FDF} = {D3A1201E-A7E1-4D7F-88FF-AE9995DF7D9C}
		{8FAF2EDD-033F-4E79-865B-8EE1C5CE1DD7} = {D3A1201E-A7E1-4D7F-88FF-AE9995DF7D9C}
		{BCB31452-1AC8-4A0C-B7BD-875F43F4E8B8} = {D3A1201E-A7E1-4D7F-88FF-AE9995DF7D9C}
		{EA059550-4920-4536-8D4D-E905D2FD5C40} = {B54AE451-B5C6-4C00-945C-27D987CA8CC0}
		{5295469C-F477-462B-9B8D-22A17937F092} = {B54AE451-B5C6-4C00-945C-27D987CA8CC0}
		{30BFB3C3-C111-4357-8787-DE5FDAFA8DD9} = {B54AE451-B5C6-4C00-945C-27D987CA8CC0}
		{F7A4CBAA-3094-4402-9C27-C8609ACE8EE8} = {B54AE451-B5C6-4C00-945C-27D987CA8CC0}
		{7B3B549D-C98F-4DF9-BA00-7703598D2542} = {6997E116-D396-4E08-9077-475D43DF2D09}
		{B3096A19-9BE4-4F17-ABF8-CB51A6BE4687} = {6997E116-D396-4E08-9077-475D43DF2D09}
		{0DA88A38-92C5-45F8-A3EC-74695CDCA866} = {6997E116-D396-4E08-9077-475D43DF2D09}
		{FEC676AE-2B62-4087-A8A7-C73E1D59D7D9} = {19DC9A35-CBCD-4836-8390-1296653E6300}
		{05DF71C2-E1A2-41AC-92EC-AEE56919CB5F} = {19DC9A35-CBCD-4836-8390-1296653E6300}
		{059BD998-0976-4968-AE8F-7FD52F5FC595} = {974C486B-5431-491C-9A6F-086A61780703}
		{BBDDA0B8-2798-551E-2578-AEB394B9F41B} = {974C486B-5431-491C-9A6F-086A61780703}
		{E93D3251-E2F0-4FD9-9E06-7B017E18E388} = {974C486B-5431-491C-9A6F-086A61780703}
		{560F14CD-9BB5-4A72-B296-790E85B01616} = {B3475BE1-9F17-40FD-AC75-3E3A6D8AD9A2}
		{44A791F7-CFB3-4908-B7F2-C86879AA4C5D} = {E07EFB66-5E9C-4B63-B1F5-46AFFC33E4B4}
		{69AC57FF-5543-4A4E-AE41-22DA670A4B90} = {0086A10D-A6DE-492C-974B-88DA0D22CC34}
		{1AD1E212-A3FE-4910-98B9-EC46DA56B60B} = {0086A10D-A6DE-492C-974B-88DA0D22CC34}
		{D8A38058-D45C-4941-80CC-7254D113AC95} = {0086A10D-A6DE-492C-974B-88DA0D22CC34}
		{F36B379B-F12A-4359-AE0B-1DBEFDF952DB} = {0086A10D-A6DE-492C-974B-88DA0D22CC34}
		{9F7DA83B-DCCD-4F68-850A-C1A2713A3522} = {0086A10D-A6DE-492C-974B-88DA0D22CC34}
		{360ED117-F8C2-4CF7-AD4A-672D2C860723} = {0086A10D-A6DE-492C-974B-88DA0D22CC34}
		{01CF5155-EE05-4ADA-A2AC-F760E06F4CEE} = {0086A10D-A6DE-492C-974B-88DA0D22CC34}
		{0039F1E1-86CE-49D0-A6BD-3952E524D20C} = {8DF42571-49A9-449E-8040-FF606D7516BF}
		{02CE6C18-C978-4A35-86A9-03DE7A6BDAED} = {8DF42571-49A9-449E-8040-FF606D7516BF}
		{CAE54CF8-3CF3-425C-9A17-6E70516EC560} = {8DF42571-49A9-449E-8040-FF606D7516BF}
		{639B6B6B-BAED-44E9-8564-25841FBED0FA} = {8DF42571-49A9-449E-8040-FF606D7516BF}
		{8A6ACA39-3610-41B3-B6F8-6FD7AC6488A7} = {2A9CE120-EE69-48AD-82B9-F6A3448FA57B}
		{963E614D-E6A9-4807-BC83-E1759506AD91} = {2A9CE120-EE69-48AD-82B9-F6A3448FA57B}
		{99CF1D07-1139-4242-BA75-D472B5D82B18} = {2A9CE120-EE69-48AD-82B9-F6A3448FA57B}
	EndGlobalSection
	GlobalSection(ExtensibilityGlobals) = postSolution
		SolutionGuid = {916051F0-DB3A-487D-B0F7-4E378024D7BE}
	EndGlobalSection
EndGlobal
